
Microsoft Visual Studio Solution File, Format Version 12.00
# Visual Studio Version 17
VisualStudioVersion = 17.14.36414.22 d17.14
MinimumVisualStudioVersion = 10.0.40219.1
Project("{FAE04EC0-301F-11D3-BF4B-00C04F79EFBC}") = "FireRobot", "FireRobot\FireRobot.csproj", "{1AAA155A-168B-4737-B267-BD5C0BBD757D}"
EndProject
Global
	GlobalSection(SolutionConfigurationPlatforms) = preSolution
		Debug|Any CPU = Debug|Any CPU
		Release|Any CPU = Release|Any CPU
	EndGlobalSection
	GlobalSection(ProjectConfigurationPlatforms) = postSolution
		{1AAA155A-168B-4737-B267-BD5C0BBD757D}.Debug|Any CPU.ActiveCfg = Debug|Any CPU
		{1AAA155A-168B-4737-B267-BD5C0BBD757D}.Debug|Any CPU.Build.0 = Debug|Any CPU
		{1AAA155A-168B-4737-B267-BD5C0BBD757D}.Release|Any CPU.ActiveCfg = Release|Any CPU
		{1AAA155A-168B-4737-B267-BD5C0BBD757D}.Release|Any CPU.Build.0 = Release|Any CPU
	EndGlobalSection
	GlobalSection(SolutionProperties) = preSolution
		HideSolutionNode = FALSE
	EndGlobalSection
	GlobalSection(ExtensibilityGlobals) = postSolution
		SolutionGuid = {7DC97D00-AF88-49A5-A8E7-BDE04E69EA35}
	EndGlobalSection
EndGlobal
